
Microsoft Visual Studio Solution File, Format Version 12.00
# Visual Studio Version 17
VisualStudioVersion = 17.13.35931.197 d17.13
MinimumVisualStudioVersion = 10.0.40219.1
Project("{FAE04EC0-301F-11D3-BF4B-00C04F79EFBC}") = "ATBASH-cipher", "ATBASH-cipher\ATBASH-cipher.csproj", "{34673B30-C93E-4BE0-904E-843AF82624C2}"
EndProject
Global
	GlobalSection(SolutionConfigurationPlatforms) = preSolution
		Debug|Any CPU = Debug|Any CPU
		Release|Any CPU = Release|Any CPU
	EndGlobalSection
	GlobalSection(ProjectConfigurationPlatforms) = postSolution
		{34673B30-C93E-4BE0-904E-843AF82624C2}.Debug|Any CPU.ActiveCfg = Debug|Any CPU
		{34673B30-C93E-4BE0-904E-843AF82624C2}.Debug|Any CPU.Build.0 = Debug|Any CPU
		{34673B30-C93E-4BE0-904E-843AF82624C2}.Release|Any CPU.ActiveCfg = Release|Any CPU
		{34673B30-C93E-4BE0-904E-843AF82624C2}.Release|Any CPU.Build.0 = Release|Any CPU
	EndGlobalSection
	GlobalSection(SolutionProperties) = preSolution
		HideSolutionNode = FALSE
	EndGlobalSection
	GlobalSection(ExtensibilityGlobals) = postSolution
		SolutionGuid = {7EF930B1-A704-4DB8-A1C2-ADFF1D9FBFF5}
	EndGlobalSection
EndGlobal
